
Microsoft Visual Studio Solution File, Format Version 12.00
# Visual Studio Version 17
VisualStudioVersion = 17.10.34928.147
MinimumVisualStudioVersion = 10.0.40219.1
Project("{FAE04EC0-301F-11D3-BF4B-00C04F79EFBC}") = "库存管理", "库存管理\库存管理.csproj", "{BCC12D5E-DB19-4B53-99EC-B51583A1F060}"
EndProject
Global
	GlobalSection(SolutionConfigurationPlatforms) = preSolution
		Debug|Any CPU = Debug|Any CPU
		Release|Any CPU = Release|Any CPU
	EndGlobalSection
	GlobalSection(ProjectConfigurationPlatforms) = postSolution
		{BCC12D5E-DB19-4B53-99EC-B51583A1F060}.Debug|Any CPU.ActiveCfg = Debug|Any CPU
		{BCC12D5E-DB19-4B53-99EC-B51583A1F060}.Debug|Any CPU.Build.0 = Debug|Any CPU
		{BCC12D5E-DB19-4B53-99EC-B51583A1F060}.Release|Any CPU.ActiveCfg = Release|Any CPU
		{BCC12D5E-DB19-4B53-99EC-B51583A1F060}.Release|Any CPU.Build.0 = Release|Any CPU
	EndGlobalSection
	GlobalSection(SolutionProperties) = preSolution
		HideSolutionNode = FALSE
	EndGlobalSection
	GlobalSection(ExtensibilityGlobals) = postSolution
		SolutionGuid = {3C510D97-B2FB-4A73-BA06-004061A74D39}
	EndGlobalSection
EndGlobal
